{
  "nodes": {
    "darwin": {
      "inputs": {
        "nixpkgs": [
          "nixpkgs"
        ]
      },
      "locked": {
        "lastModified": 1671891118,
        "narHash": "sha256-+GJYiT7QbfA306ex4sGMlFB8Ts297pn3OdQ9kTd4aDw=",
        "owner": "lnl7",
        "repo": "nix-darwin",
        "rev": "267040e7a2b8644f1fdfcf57b7e808c286dbdc7b",
        "type": "github"
      },
      "original": {
        "owner": "lnl7",
        "repo": "nix-darwin",
        "type": "github"
      }
    },
    "nixpkgs": {
      "locked": {
        "lastModified": 1672406916,
        "narHash": "sha256-FWcsmPb+TeCPpR5NCC2YhHVxck9MM4eqIeQ+bBg4Oyw=",
        "owner": "NixOS",
        "repo": "nixpkgs",
        "rev": "8964b48bbcff8c372b974307adccebc5e7ac1e15",
        "type": "github"
      },
      "original": {
        "owner": "NixOS",
        "ref": "nixpkgs-22.11-darwin",
        "repo": "nixpkgs",
        "type": "github"
      }
    },
    "root": {
      "inputs": {
        "darwin": "darwin",
        "nixpkgs": "nixpkgs"
      }
    }
  },
  "root": "root",
  "version": 7
}
